
Microsoft Visual Studio Solution File, Format Version 12.00
# Visual Studio 14
VisualStudioVersion = 14.0.25420.1
MinimumVisualStudioVersion = 10.0.40219.1
Project("{FAE04EC0-301F-11D3-BF4B-00C04F79EFBC}") = "AppSocketsClient", "AppSocketsClient\AppSocketsClient.csproj", "{B4AF0365-D812-47A7-8966-AC3AC769B435}"
EndProject
Global
	GlobalSection(SolutionConfigurationPlatforms) = preSolution
		Debug|Any CPU = Debug|Any CPU
		Release|Any CPU = Release|Any CPU
	EndGlobalSection
	GlobalSection(ProjectConfigurationPlatforms) = postSolution
		{B4AF0365-D812-47A7-8966-AC3AC769B435}.Debug|Any CPU.ActiveCfg = Debug|Any CPU
		{B4AF0365-D812-47A7-8966-AC3AC769B435}.Debug|Any CPU.Build.0 = Debug|Any CPU
		{B4AF0365-D812-47A7-8966-AC3AC769B435}.Release|Any CPU.ActiveCfg = Release|Any CPU
		{B4AF0365-D812-47A7-8966-AC3AC769B435}.Release|Any CPU.Build.0 = Release|Any CPU
	EndGlobalSection
	GlobalSection(SolutionProperties) = preSolution
		HideSolutionNode = FALSE
	EndGlobalSection
EndGlobal
